
Microsoft Visual Studio Solution File, Format Version 12.00
# Visual Studio 14
VisualStudioVersion = 14.0.24720.0
MinimumVisualStudioVersion = 10.0.40219.1
Project("{FAE04EC0-301F-11D3-BF4B-00C04F79EFBC}") = "DrawNet.Core", "DrawNet.Core\DrawNet.Core.csproj", "{741E187E-6E79-4ECE-8A99-2F9EA6C8BA18}"
EndProject
Project("{FAE04EC0-301F-11D3-BF4B-00C04F79EFBC}") = "DrawNet.Inspect", "DrawNet.Inspect\DrawNet.Inspect.csproj", "{CE81AC8E-CAF4-4C8B-BF94-3492C6E95011}"
EndProject
Project("{FAE04EC0-301F-11D3-BF4B-00C04F79EFBC}") = "DrawNet.Draw", "DrawNet.Draw\DrawNet.Draw.csproj", "{A5EFDAAA-8E73-4020-831A-2F923389196D}"
EndProject
Project("{FAE04EC0-301F-11D3-BF4B-00C04F79EFBC}") = "DrawNet.DataContext", "DrawNet.DataContext\DrawNet.DataContext.csproj", "{7FD7F663-3364-4C1C-BB2E-66497A0FEA06}"
EndProject
Project("{FAE04EC0-301F-11D3-BF4B-00C04F79EFBC}") = "DrawNet.Draw.Core", "DrawNet.Draw.Core\DrawNet.Draw.Core.csproj", "{D73DE62F-113E-4608-B148-7D0C1BE58296}"
EndProject
Global
	GlobalSection(SolutionConfigurationPlatforms) = preSolution
		Debug|Any CPU = Debug|Any CPU
		Release|Any CPU = Release|Any CPU
	EndGlobalSection
	GlobalSection(ProjectConfigurationPlatforms) = postSolution
		{741E187E-6E79-4ECE-8A99-2F9EA6C8BA18}.Debug|Any CPU.ActiveCfg = Debug|Any CPU
		{741E187E-6E79-4ECE-8A99-2F9EA6C8BA18}.Debug|Any CPU.Build.0 = Debug|Any CPU
		{741E187E-6E79-4ECE-8A99-2F9EA6C8BA18}.Release|Any CPU.ActiveCfg = Release|Any CPU
		{741E187E-6E79-4ECE-8A99-2F9EA6C8BA18}.Release|Any CPU.Build.0 = Release|Any CPU
		{CE81AC8E-CAF4-4C8B-BF94-3492C6E95011}.Debug|Any CPU.ActiveCfg = Debug|Any CPU
		{CE81AC8E-CAF4-4C8B-BF94-3492C6E95011}.Debug|Any CPU.Build.0 = Debug|Any CPU
		{CE81AC8E-CAF4-4C8B-BF94-3492C6E95011}.Release|Any CPU.ActiveCfg = Release|Any CPU
		{CE81AC8E-CAF4-4C8B-BF94-3492C6E95011}.Release|Any CPU.Build.0 = Release|Any CPU
		{A5EFDAAA-8E73-4020-831A-2F923389196D}.Debug|Any CPU.ActiveCfg = Debug|Any CPU
		{A5EFDAAA-8E73-4020-831A-2F923389196D}.Debug|Any CPU.Build.0 = Debug|Any CPU
		{A5EFDAAA-8E73-4020-831A-2F923389196D}.Release|Any CPU.ActiveCfg = Release|Any CPU
		{A5EFDAAA-8E73-4020-831A-2F923389196D}.Release|Any CPU.Build.0 = Release|Any CPU
		{7FD7F663-3364-4C1C-BB2E-66497A0FEA06}.Debug|Any CPU.ActiveCfg = Debug|Any CPU
		{7FD7F663-3364-4C1C-BB2E-66497A0FEA06}.Debug|Any CPU.Build.0 = Debug|Any CPU
		{7FD7F663-3364-4C1C-BB2E-66497A0FEA06}.Release|Any CPU.ActiveCfg = Release|Any CPU
		{7FD7F663-3364-4C1C-BB2E-66497A0FEA06}.Release|Any CPU.Build.0 = Release|Any CPU
		{D73DE62F-113E-4608-B148-7D0C1BE58296}.Debug|Any CPU.ActiveCfg = Debug|Any CPU
		{D73DE62F-113E-4608-B148-7D0C1BE58296}.Debug|Any CPU.Build.0 = Debug|Any CPU
		{D73DE62F-113E-4608-B148-7D0C1BE58296}.Release|Any CPU.ActiveCfg = Release|Any CPU
		{D73DE62F-113E-4608-B148-7D0C1BE58296}.Release|Any CPU.Build.0 = Release|Any CPU
	EndGlobalSection
	GlobalSection(SolutionProperties) = preSolution
		HideSolutionNode = FALSE
	EndGlobalSection
EndGlobal
